
Microsoft Visual Studio Solution File, Format Version 12.00
# Visual Studio Version 16
VisualStudioVersion = 16.0.30717.126
MinimumVisualStudioVersion = 10.0.40219.1
Project("{FAE04EC0-301F-11D3-BF4B-00C04F79EFBC}") = "WpfApp1", "WpfApp1\WpfApp1.csproj", "{FBDDA1D1-D8C7-4280-815D-06D58813295F}"
EndProject
Global
	GlobalSection(SolutionConfigurationPlatforms) = preSolution
		Debug|Any CPU = Debug|Any CPU
		Release|Any CPU = Release|Any CPU
	EndGlobalSection
	GlobalSection(ProjectConfigurationPlatforms) = postSolution
		{FBDDA1D1-D8C7-4280-815D-06D58813295F}.Debug|Any CPU.ActiveCfg = Debug|Any CPU
		{FBDDA1D1-D8C7-4280-815D-06D58813295F}.Debug|Any CPU.Build.0 = Debug|Any CPU
		{FBDDA1D1-D8C7-4280-815D-06D58813295F}.Release|Any CPU.ActiveCfg = Release|Any CPU
		{FBDDA1D1-D8C7-4280-815D-06D58813295F}.Release|Any CPU.Build.0 = Release|Any CPU
	EndGlobalSection
	GlobalSection(SolutionProperties) = preSolution
		HideSolutionNode = FALSE
	EndGlobalSection
	GlobalSection(ExtensibilityGlobals) = postSolution
		SolutionGuid = {C06055CF-A595-48FB-B70C-24CA9CB991E0}
	EndGlobalSection
EndGlobal
